
Microsoft Visual Studio Solution File, Format Version 12.00
# Visual Studio Version 16
VisualStudioVersion = 16.0.31729.503
MinimumVisualStudioVersion = 10.0.40219.1
Project("{FAE04EC0-301F-11D3-BF4B-00C04F79EFBC}") = "ProblemGenerics1", "ProblemGenerics1\ProblemGenerics1.csproj", "{470B0794-0178-4440-A1E5-FBF47707F1E0}"
EndProject
Global
	GlobalSection(SolutionConfigurationPlatforms) = preSolution
		Debug|Any CPU = Debug|Any CPU
		Release|Any CPU = Release|Any CPU
	EndGlobalSection
	GlobalSection(ProjectConfigurationPlatforms) = postSolution
		{470B0794-0178-4440-A1E5-FBF47707F1E0}.Debug|Any CPU.ActiveCfg = Debug|Any CPU
		{470B0794-0178-4440-A1E5-FBF47707F1E0}.Debug|Any CPU.Build.0 = Debug|Any CPU
		{470B0794-0178-4440-A1E5-FBF47707F1E0}.Release|Any CPU.ActiveCfg = Release|Any CPU
		{470B0794-0178-4440-A1E5-FBF47707F1E0}.Release|Any CPU.Build.0 = Release|Any CPU
	EndGlobalSection
	GlobalSection(SolutionProperties) = preSolution
		HideSolutionNode = FALSE
	EndGlobalSection
	GlobalSection(ExtensibilityGlobals) = postSolution
		SolutionGuid = {4356274D-8839-481C-AB82-19F509ADE098}
	EndGlobalSection
EndGlobal
